
Microsoft Visual Studio Solution File, Format Version 12.00
# Visual Studio 15
VisualStudioVersion = 15.0.27428.1
MinimumVisualStudioVersion = 10.0.40219.1
Project("{FAE04EC0-301F-11D3-BF4B-00C04F79EFBC}") = "AutoShop", "AutoShop\AutoShop.csproj", "{E4F8899F-1DA0-43D3-80B8-F14E5AF05460}"
EndProject
Global
	GlobalSection(SolutionConfigurationPlatforms) = preSolution
		Debug|Any CPU = Debug|Any CPU
		Release|Any CPU = Release|Any CPU
	EndGlobalSection
	GlobalSection(ProjectConfigurationPlatforms) = postSolution
		{E4F8899F-1DA0-43D3-80B8-F14E5AF05460}.Debug|Any CPU.ActiveCfg = Debug|Any CPU
		{E4F8899F-1DA0-43D3-80B8-F14E5AF05460}.Debug|Any CPU.Build.0 = Debug|Any CPU
		{E4F8899F-1DA0-43D3-80B8-F14E5AF05460}.Release|Any CPU.ActiveCfg = Release|Any CPU
		{E4F8899F-1DA0-43D3-80B8-F14E5AF05460}.Release|Any CPU.Build.0 = Release|Any CPU
	EndGlobalSection
	GlobalSection(SolutionProperties) = preSolution
		HideSolutionNode = FALSE
	EndGlobalSection
	GlobalSection(ExtensibilityGlobals) = postSolution
		SolutionGuid = {32DBFEAD-9944-441B-A9AE-D514985258CB}
	EndGlobalSection
EndGlobal
